default_model = "test.cli_table1"
models_folder = "examples"

[models."test.table1"]
agency = "test"
dataset_id = "table1"
model_root = "examples/minimal"
duckdb_path = "examples/minimal/data/table1.duckdb"

[models."test.table1".schema]
ddl = "CREATE OR REPLACE TABLE test.table1 (\n    geo    VARCHAR NOT NULL,\n    year   INTEGER NOT NULL,\n    value  DOUBLE\n);"
source = "local"

[[models."test.table1".schema.columns]]
column_name = "geo"
column_pos = 0
sql_type = "VARCHAR"
codelist_id = "geo"

[[models."test.table1".schema.columns]]
column_name = "year"
column_pos = 1
sql_type = "INTEGER"
codelist_id = "year"

[[models."test.table1".schema.columns]]
column_name = "value"
column_pos = 2
sql_type = "DOUBLE"
codelist_id = "value"

[[models."test.table1".inputs]]
table_address = "estat.nama_10r_3empers"
last_snapshot_id = 3372712588430296313
last_snapshot_timestamp_ms = 1773053637272
rows_loaded = 1485951

[[models."test.table1".versions]]
version = "2026-03-13"
published_at = 2026-03-14T15:07:02Z
iceberg_snapshot_id = 4427638619268409134
iceberg_snapshot_timestamp = 2026-03-14T15:07:00.562000Z
rows = 1485615
completed = true

[[models."test.table1".versions]]
version = "2026-03-14"
published_at = 2026-03-14T12:12:48Z
iceberg_snapshot_id = 8487503688100859175
iceberg_snapshot_timestamp = 2026-03-14T12:12:47.609000Z
rows = 1485615
completed = true

[models."test.cli_table1"]
agency = "test"
dataset_id = "cli_table1"
model_root = "examples/minimal_cli"
duckdb_path = "examples/minimal_cli/data/cli_table1.duckdb"

[models."test.cli_table1".schema]
ddl = "CREATE SCHEMA IF NOT EXISTS test;\n\nCREATE OR REPLACE TABLE test.cli_table1 (\n    geo    VARCHAR NOT NULL,\n    year   INTEGER NOT NULL,\n    value  DOUBLE\n);"
source = "local"

[[models."test.cli_table1".schema.columns]]
column_name = "geo"
column_pos = 0
sql_type = "VARCHAR"
codelist_id = "geo"

[[models."test.cli_table1".schema.columns]]
column_name = "year"
column_pos = 1
sql_type = "INTEGER"
codelist_id = "year"

[[models."test.cli_table1".schema.columns]]
column_name = "value"
column_pos = 2
sql_type = "DOUBLE"
codelist_id = "value"

[[models."test.cli_table1".inputs]]
table_address = "test.table1"
last_snapshot_id = 8351008129908343306
last_snapshot_timestamp_ms = 1773501203957
rows_loaded = 1485615

[[models."test.cli_table1".inputs]]
table_address = "estat.nama_10r_3empers"
last_snapshot_id = 3372712588430296313
last_snapshot_timestamp_ms = 1773053637272
rows_loaded = 1485951

[[models."test.cli_table1".versions]]
version = "2026-03-15"
published_at = 2026-03-15T12:45:54Z
iceberg_snapshot_id = 5459699385693949521
iceberg_snapshot_timestamp = 2026-03-15T12:45:53.300000Z
rows = 1485615
completed = true
